
Microsoft Visual Studio Solution File, Format Version 12.00
# Visual Studio Version 17
VisualStudioVersion = 17.4.33403.182
MinimumVisualStudioVersion = 10.0.40219.1
Project("{FAE04EC0-301F-11D3-BF4B-00C04F79EFBC}") = "MachingGame1", "MachingGame1\MachingGame1.csproj", "{F3C5074C-198E-4F0A-B25A-C1FF4D4D778A}"
EndProject
Global
	GlobalSection(SolutionConfigurationPlatforms) = preSolution
		Debug|Any CPU = Debug|Any CPU
		Release|Any CPU = Release|Any CPU
	EndGlobalSection
	GlobalSection(ProjectConfigurationPlatforms) = postSolution
		{F3C5074C-198E-4F0A-B25A-C1FF4D4D778A}.Debug|Any CPU.ActiveCfg = Debug|Any CPU
		{F3C5074C-198E-4F0A-B25A-C1FF4D4D778A}.Debug|Any CPU.Build.0 = Debug|Any CPU
		{F3C5074C-198E-4F0A-B25A-C1FF4D4D778A}.Release|Any CPU.ActiveCfg = Release|Any CPU
		{F3C5074C-198E-4F0A-B25A-C1FF4D4D778A}.Release|Any CPU.Build.0 = Release|Any CPU
	EndGlobalSection
	GlobalSection(SolutionProperties) = preSolution
		HideSolutionNode = FALSE
	EndGlobalSection
	GlobalSection(ExtensibilityGlobals) = postSolution
		SolutionGuid = {BA9F8C1D-562F-4496-8EC4-173813BA6636}
	EndGlobalSection
EndGlobal
